
Microsoft Visual Studio Solution File, Format Version 12.00
# Visual Studio Version 16
VisualStudioVersion = 16.0.29519.87
MinimumVisualStudioVersion = 10.0.40219.1
Project("{FAE04EC0-301F-11D3-BF4B-00C04F79EFBC}") = "ChattingApp", "ChattingApp\ChattingApp.csproj", "{2E23B44E-07F4-4C74-8DAB-FC0E2606C97F}"
EndProject
Project("{9A19103F-16F7-4668-BE54-9A1E7A4F7556}") = "ChattingApp.Core", "ChattingApp.Core\ChattingApp.Core.csproj", "{530980DC-21E4-49C3-B19E-B34237BA4984}"
EndProject
Project("{9A19103F-16F7-4668-BE54-9A1E7A4F7556}") = "Dna.Framework", "..\Personal-Project-Dna\Dna.Framework\Dna.Framework.csproj", "{5565E712-5018-411D-B352-F31775784F84}"
EndProject
Project("{FAE04EC0-301F-11D3-BF4B-00C04F79EFBC}") = "Fasetto.Word.Relational", "Fasetto.Word.Relational\Fasetto.Word.Relational.csproj", "{F8DCA9B5-1CFA-4CFE-BBCD-6E1987CDECFB}"
EndProject
Global
	GlobalSection(SolutionConfigurationPlatforms) = preSolution
		Debug|Any CPU = Debug|Any CPU
		Release|Any CPU = Release|Any CPU
	EndGlobalSection
	GlobalSection(ProjectConfigurationPlatforms) = postSolution
		{2E23B44E-07F4-4C74-8DAB-FC0E2606C97F}.Debug|Any CPU.ActiveCfg = Debug|Any CPU
		{2E23B44E-07F4-4C74-8DAB-FC0E2606C97F}.Debug|Any CPU.Build.0 = Debug|Any CPU
		{2E23B44E-07F4-4C74-8DAB-FC0E2606C97F}.Release|Any CPU.ActiveCfg = Release|Any CPU
		{2E23B44E-07F4-4C74-8DAB-FC0E2606C97F}.Release|Any CPU.Build.0 = Release|Any CPU
		{530980DC-21E4-49C3-B19E-B34237BA4984}.Debug|Any CPU.ActiveCfg = Debug|Any CPU
		{530980DC-21E4-49C3-B19E-B34237BA4984}.Debug|Any CPU.Build.0 = Debug|Any CPU
		{530980DC-21E4-49C3-B19E-B34237BA4984}.Release|Any CPU.ActiveCfg = Release|Any CPU
		{530980DC-21E4-49C3-B19E-B34237BA4984}.Release|Any CPU.Build.0 = Release|Any CPU
		{5565E712-5018-411D-B352-F31775784F84}.Debug|Any CPU.ActiveCfg = Debug|Any CPU
		{5565E712-5018-411D-B352-F31775784F84}.Debug|Any CPU.Build.0 = Debug|Any CPU
		{5565E712-5018-411D-B352-F31775784F84}.Release|Any CPU.ActiveCfg = Release|Any CPU
		{5565E712-5018-411D-B352-F31775784F84}.Release|Any CPU.Build.0 = Release|Any CPU
		{F8DCA9B5-1CFA-4CFE-BBCD-6E1987CDECFB}.Debug|Any CPU.ActiveCfg = Debug|Any CPU
		{F8DCA9B5-1CFA-4CFE-BBCD-6E1987CDECFB}.Debug|Any CPU.Build.0 = Debug|Any CPU
		{F8DCA9B5-1CFA-4CFE-BBCD-6E1987CDECFB}.Release|Any CPU.ActiveCfg = Release|Any CPU
		{F8DCA9B5-1CFA-4CFE-BBCD-6E1987CDECFB}.Release|Any CPU.Build.0 = Release|Any CPU
	EndGlobalSection
	GlobalSection(SolutionProperties) = preSolution
		HideSolutionNode = FALSE
	EndGlobalSection
	GlobalSection(ExtensibilityGlobals) = postSolution
		SolutionGuid = {01FE5AEA-0170-4817-A5C0-A0145F93902E}
	EndGlobalSection
EndGlobal
