
Microsoft Visual Studio Solution File, Format Version 12.00
# Visual Studio Version 16
VisualStudioVersion = 16.0.29519.87
MinimumVisualStudioVersion = 10.0.40219.1
Project("{9A19103F-16F7-4668-BE54-9A1E7A4F7556}") = "Fasetto.Word.Web.Server", "Fasetto.Word.Web.Server\Fasetto.Word.Web.Server.csproj", "{0B2F1FDA-98A6-42AD-948B-5C3AEDEC0C2E}"
EndProject
Project("{9A19103F-16F7-4668-BE54-9A1E7A4F7556}") = "ChattingApp.Core", "ChattingApp.Core\ChattingApp.Core.csproj", "{7A672478-FB2A-49EE-B771-DB3D024E99B7}"
EndProject
Global
	GlobalSection(SolutionConfigurationPlatforms) = preSolution
		Debug|Any CPU = Debug|Any CPU
		Release|Any CPU = Release|Any CPU
	EndGlobalSection
	GlobalSection(ProjectConfigurationPlatforms) = postSolution
		{0B2F1FDA-98A6-42AD-948B-5C3AEDEC0C2E}.Debug|Any CPU.ActiveCfg = Debug|Any CPU
		{0B2F1FDA-98A6-42AD-948B-5C3AEDEC0C2E}.Debug|Any CPU.Build.0 = Debug|Any CPU
		{0B2F1FDA-98A6-42AD-948B-5C3AEDEC0C2E}.Release|Any CPU.ActiveCfg = Release|Any CPU
		{0B2F1FDA-98A6-42AD-948B-5C3AEDEC0C2E}.Release|Any CPU.Build.0 = Release|Any CPU
		{7A672478-FB2A-49EE-B771-DB3D024E99B7}.Debug|Any CPU.ActiveCfg = Debug|Any CPU
		{7A672478-FB2A-49EE-B771-DB3D024E99B7}.Debug|Any CPU.Build.0 = Debug|Any CPU
		{7A672478-FB2A-49EE-B771-DB3D024E99B7}.Release|Any CPU.ActiveCfg = Release|Any CPU
		{7A672478-FB2A-49EE-B771-DB3D024E99B7}.Release|Any CPU.Build.0 = Release|Any CPU
	EndGlobalSection
	GlobalSection(SolutionProperties) = preSolution
		HideSolutionNode = FALSE
	EndGlobalSection
	GlobalSection(ExtensibilityGlobals) = postSolution
		SolutionGuid = {8C675DFA-C486-497B-A34C-FF135D688735}
	EndGlobalSection
EndGlobal
