
Microsoft Visual Studio Solution File, Format Version 12.00
# Visual Studio 15
VisualStudioVersion = 15.0.27428.2015
MinimumVisualStudioVersion = 10.0.40219.1
Project("{FAE04EC0-301F-11D3-BF4B-00C04F79EFBC}") = "ChattingApp", "ChattingApp\ChattingApp.csproj", "{2E23B44E-07F4-4C74-8DAB-FC0E2606C97F}"
EndProject
Global
	GlobalSection(SolutionConfigurationPlatforms) = preSolution
		Debug|Any CPU = Debug|Any CPU
		Release|Any CPU = Release|Any CPU
	EndGlobalSection
	GlobalSection(ProjectConfigurationPlatforms) = postSolution
		{2E23B44E-07F4-4C74-8DAB-FC0E2606C97F}.Debug|Any CPU.ActiveCfg = Debug|Any CPU
		{2E23B44E-07F4-4C74-8DAB-FC0E2606C97F}.Debug|Any CPU.Build.0 = Debug|Any CPU
		{2E23B44E-07F4-4C74-8DAB-FC0E2606C97F}.Release|Any CPU.ActiveCfg = Release|Any CPU
		{2E23B44E-07F4-4C74-8DAB-FC0E2606C97F}.Release|Any CPU.Build.0 = Release|Any CPU
	EndGlobalSection
	GlobalSection(SolutionProperties) = preSolution
		HideSolutionNode = FALSE
	EndGlobalSection
	GlobalSection(ExtensibilityGlobals) = postSolution
		SolutionGuid = {01FE5AEA-0170-4817-A5C0-A0145F93902E}
	EndGlobalSection
EndGlobal
